
Microsoft Visual Studio Solution File, Format Version 12.00
# Visual Studio Version 16
VisualStudioVersion = 16.0.31424.327
MinimumVisualStudioVersion = 10.0.40219.1
Project("{FAE04EC0-301F-11D3-BF4B-00C04F79EFBC}") = "FrontTimer", "FrontTimer\FrontTimer.csproj", "{B88C8EC3-5C87-43AC-8AB8-3A11B420FDAC}"
EndProject
Global
	GlobalSection(SolutionConfigurationPlatforms) = preSolution
		Debug|ARM = Debug|ARM
		Debug|ARM64 = Debug|ARM64
		Debug|x64 = Debug|x64
		Debug|x86 = Debug|x86
		Release|ARM = Release|ARM
		Release|ARM64 = Release|ARM64
		Release|x64 = Release|x64
		Release|x86 = Release|x86
	EndGlobalSection
	GlobalSection(ProjectConfigurationPlatforms) = postSolution
		{B88C8EC3-5C87-43AC-8AB8-3A11B420FDAC}.Debug|ARM.ActiveCfg = Debug|ARM
		{B88C8EC3-5C87-43AC-8AB8-3A11B420FDAC}.Debug|ARM.Build.0 = Debug|ARM
		{B88C8EC3-5C87-43AC-8AB8-3A11B420FDAC}.Debug|ARM.Deploy.0 = Debug|ARM
		{B88C8EC3-5C87-43AC-8AB8-3A11B420FDAC}.Debug|ARM64.ActiveCfg = Debug|ARM64
		{B88C8EC3-5C87-43AC-8AB8-3A11B420FDAC}.Debug|ARM64.Build.0 = Debug|ARM64
		{B88C8EC3-5C87-43AC-8AB8-3A11B420FDAC}.Debug|ARM64.Deploy.0 = Debug|ARM64
		{B88C8EC3-5C87-43AC-8AB8-3A11B420FDAC}.Debug|x64.ActiveCfg = Debug|x64
		{B88C8EC3-5C87-43AC-8AB8-3A11B420FDAC}.Debug|x64.Build.0 = Debug|x64
		{B88C8EC3-5C87-43AC-8AB8-3A11B420FDAC}.Debug|x64.Deploy.0 = Debug|x64
		{B88C8EC3-5C87-43AC-8AB8-3A11B420FDAC}.Debug|x86.ActiveCfg = Debug|x86
		{B88C8EC3-5C87-43AC-8AB8-3A11B420FDAC}.Debug|x86.Build.0 = Debug|x86
		{B88C8EC3-5C87-43AC-8AB8-3A11B420FDAC}.Debug|x86.Deploy.0 = Debug|x86
		{B88C8EC3-5C87-43AC-8AB8-3A11B420FDAC}.Release|ARM.ActiveCfg = Release|ARM
		{B88C8EC3-5C87-43AC-8AB8-3A11B420FDAC}.Release|ARM.Build.0 = Release|ARM
		{B88C8EC3-5C87-43AC-8AB8-3A11B420FDAC}.Release|ARM.Deploy.0 = Release|ARM
		{B88C8EC3-5C87-43AC-8AB8-3A11B420FDAC}.Release|ARM64.ActiveCfg = Release|ARM64
		{B88C8EC3-5C87-43AC-8AB8-3A11B420FDAC}.Release|ARM64.Build.0 = Release|ARM64
		{B88C8EC3-5C87-43AC-8AB8-3A11B420FDAC}.Release|ARM64.Deploy.0 = Release|ARM64
		{B88C8EC3-5C87-43AC-8AB8-3A11B420FDAC}.Release|x64.ActiveCfg = Release|x64
		{B88C8EC3-5C87-43AC-8AB8-3A11B420FDAC}.Release|x64.Build.0 = Release|x64
		{B88C8EC3-5C87-43AC-8AB8-3A11B420FDAC}.Release|x64.Deploy.0 = Release|x64
		{B88C8EC3-5C87-43AC-8AB8-3A11B420FDAC}.Release|x86.ActiveCfg = Release|x86
		{B88C8EC3-5C87-43AC-8AB8-3A11B420FDAC}.Release|x86.Build.0 = Release|x86
		{B88C8EC3-5C87-43AC-8AB8-3A11B420FDAC}.Release|x86.Deploy.0 = Release|x86
	EndGlobalSection
	GlobalSection(SolutionProperties) = preSolution
		HideSolutionNode = FALSE
	EndGlobalSection
	GlobalSection(ExtensibilityGlobals) = postSolution
		SolutionGuid = {2BC4814A-5F39-45B7-B630-3EE08D45F364}
	EndGlobalSection
EndGlobal
